
Microsoft Visual Studio Solution File, Format Version 12.00
# Visual Studio Version 17
VisualStudioVersion = 17.11.35303.130
MinimumVisualStudioVersion = 10.0.40219.1
Project("{FAE04EC0-301F-11D3-BF4B-00C04F79EFBC}") = "06-06-25", "06-06-25\06-06-25.csproj", "{AF39A51A-E6F7-4E54-AFA2-232930BF45A1}"
EndProject
Global
	GlobalSection(SolutionConfigurationPlatforms) = preSolution
		Debug|Any CPU = Debug|Any CPU
		Release|Any CPU = Release|Any CPU
	EndGlobalSection
	GlobalSection(ProjectConfigurationPlatforms) = postSolution
		{AF39A51A-E6F7-4E54-AFA2-232930BF45A1}.Debug|Any CPU.ActiveCfg = Debug|Any CPU
		{AF39A51A-E6F7-4E54-AFA2-232930BF45A1}.Debug|Any CPU.Build.0 = Debug|Any CPU
		{AF39A51A-E6F7-4E54-AFA2-232930BF45A1}.Release|Any CPU.ActiveCfg = Release|Any CPU
		{AF39A51A-E6F7-4E54-AFA2-232930BF45A1}.Release|Any CPU.Build.0 = Release|Any CPU
	EndGlobalSection
	GlobalSection(SolutionProperties) = preSolution
		HideSolutionNode = FALSE
	EndGlobalSection
	GlobalSection(ExtensibilityGlobals) = postSolution
		SolutionGuid = {AB3285C5-F4CA-4E43-8CB6-0CF6FEACF55D}
	EndGlobalSection
EndGlobal
